version = 1
revision = 3
requires-python = ">=3.11"

[[package]]
name = "colorama"
version = "0.4.6"
source = { registry = "https://pypi.org/simple" }
sdist = { url = "https://files.pythonhosted.org/packages/d8/53/6f443c9a4a8358a93a6792e2acffb9d9d5cb0a5cfd8802644b7b1c9a02e4/colorama-0.4.6.tar.gz", hash = "sha256:08695f5cb7ed6e0531a20572697297273c47b8cae5a63ffc6d6ed5c201be6e44", size = 27697, upload-time = "2022-10-25T02:36:22.414Z" }
wheels = [
    { url = "https://files.pythonhosted.org/packages/d1/d6/3965ed04c63042e047cb6a3e6ed1a63a35087b6a609aa3a15ed8ac56c221/colorama-0.4.6-py2.py3-none-any.whl", hash = "sha256:4f1d9991f5acc0ca119f9d443620b77f9d6b33703e51011c16baf57afb285fc6", size = 25335, upload-time = "2022-10-25T02:36:20.889Z" },
]

[[package]]
name = "faker"
version = "40.41.0"
source = { registry = "https://pypi.org/simple" }
dependencies = [
    { name = "tzdata", marker = "sys_platform == 'win32'" },
]
sdist = { url = "https://files.pythonhosted.org/packages/0c/f5/cf09c597bac1c2600e4f77200a7abb73e20fb2a542c11d0c557c1c4220f5/faker-40.41.0.tar.gz", hash = "sha256:5383e4ebba7061491530ae5952a33dcf8f161a250c89717fa0ac856602dcfaf3", size = 2031440, upload-time = "2026-10-05T22:08:14.767Z" }
wheels = [
    { url = "https://files.pythonhosted.org/packages/07/52/9ae853e8c70d6b77fe81b1563378d8ee49aa316cf19502a2e0bf1e4a873e/faker-40.41.0-py3-none-any.whl", hash = "sha256:35a7f66282990698c20c3e6dd57180900206b760c2f777112c085cc217e7de92", size = 2067633, upload-time = "2026-10-05T22:08:12.554Z" },
]

[[package]]
name = "graphql-core"
version = "3.3.0"
source = { registry = "https://pypi.org/simple" }
sdist = { url = "https://files.pythonhosted.org/packages/fa/90/dfade6d16a55abb45e41b215fcdc940e4f119a6ac7d87430d45d020b659f/graphql_core-3.3.0.tar.gz", hash = "sha256:fd3424e88af3f3211931c6ff96350f1cd9069cf0f1a31b9972899e35d39136b5", size = 726439, upload-time = "2026-09-27T14:50:14.57Z" }
wheels = [
    { url = "https://files.pythonhosted.org/packages/0c/13/03fb01b3581134cc30d7dd3fb8a9c429267574ace881a9e72c2f57896ee9/graphql_core-3.3.0-py3-none-any.whl", hash = "sha256:d37fac6ef4dfc3eaa5daa59dcb498d7cbb118439d240993c68fddc4cb1bade44", size = 347906, upload-time = "2026-09-27T14:50:12.905Z" },
]

[[package]]
name = "hypothesis"
version = "6.168.5"
source = { registry = "https://pypi.org/simple" }
dependencies = [
    { name = "sortedcontainers" },
]
sdist = { url = "https://files.pythonhosted.org/packages/93/a8/bd70d7c2966e561228b9fdc075ee77c0ba577dcbbfbf921edf614db14f6a/hypothesis-6.168.5.tar.gz", hash = "sha256:76b9226962fe11d40858253a967eda95bb65811365286317e0118f4ec8f808c7", size = 511115, upload-time = "2026-10-05T23:26:35.416Z" }
wheels = [
    { url = "https://files.pythonhosted.org/packages/98/0c/7f04c8d277dfc828ba584b7d9d10dbac5e91fce673fa5328f7bd5bf64609/hypothesis-6.168.5-cp310-abi3-macosx_10_12_x86_64.whl", hash = "sha256:ca43a751410a9c6685f029fd5126cc5507664cafaa76017922aa8ae2e17b6620", size = 791539, upload-time = "2026-10-05T23:24:25.544Z" },
    { url = "https://files.pythonhosted.org/packages/11/5c/660906d83db74eb86feda715d0f2df14836205b14a183332116676733e6f/hypothesis-6.168.5-cp310-abi3-macosx_11_0_arm64.whl", hash = "sha256:c8b98707cbe9f430d100a945bbe17612fd3aa44eac1b0ac5299669fe3b8e4128", size = 787208, upload-time = "2026-10-05T23:25:14.028Z" },
    { url = "https://files.pythonhosted.org/packages/01/85/36e19492bc4ff354c2be9c8fa7c6ace0c65f9d2c7116656b741680c6ca55/hypothesis-6.168.5-cp310-abi3-manylinux_2_17_aarch64.manylinux2014_aarch64.whl", hash = "sha256:4dde52a0b696c642e7f988a03026c7c29f90daf21e74507b6f865c3ccc9d536e", size = 1115200, upload-time = "2026-10-05T23:25:53.064Z" },
    { url = "https://files.pythonhosted.org/packages/d4/82/3273fb0a3567c09b767bb8fe2824d65e16ae2abb92cf1f43762df723df94/hypothesis-6.168.5-cp310-abi3-manylinux_2_17_armv7l.manylinux2014_armv7l.whl", hash = "sha256:42f02e4541fe0c17a1320617effc0ab8a8aca2a9af15e3358d4150acf3bbdc00", size = 1145113, upload-time = "2026-10-05T23:25:17.502Z" },
    { url = "https://files.pythonhosted.org/packages/74/59/5c5904555a0bbd4b2898d73ea90c6d03f5be0d8ff0756ac1d519ace6ae66/hypothesis-6.168.5-cp310-abi3-manylinux_2_17_ppc64le.manylinux2014_ppc64le.whl", hash = "sha256:bf6dd7e537a12763c9afa017f7a6159e5cda608e98670621fa44596a1e8e9288", size = 1139564, upload-time = "2026-10-05T23:25:56.681Z" },
    { url = "https://files.pythonhosted.org/packages/cb/ce/55654ff9575587a401e304f08ad1d43b7e6318f81c66bd866fdc5ab4665b/hypothesis-6.168.5-cp310-abi3-manylinux_2_17_s390x.manylinux2014_s390x.whl", hash = "sha256:df2c04cd30abf42c52580184216162a75b5508b214a472b86670f6dd50659a3b", size = 1192142, upload-time = "2026-10-05T23:26:06.565Z" },
    { url = "https://files.pythonhosted.org/packages/48/91/4cc9d6e8a950473e07e3ebf00cbb8ee0d76b14d193f94c3de20f1c09e2b1/hypothesis-6.168.5-cp310-abi3-manylinux_2_17_x86_64.manylinux2014_x86_64.whl", hash = "sha256:278662eb21aaec9eaae71ea4dabd4fe390c2af11ec58a6a0606687cf6d7689b0", size = 1157262, upload-time = "2026-10-05T23:24:59.229Z" },
    { url = "https://files.pythonhosted.org/packages/f1/3a/4b8aa3be788ea81b9a7bc6b673ed89edd72fd0645c6aa691d4c159ff971a/hypothesis-6.168.5-cp310-abi3-manylinux_2_31_riscv64.whl", hash = "sha256:6bcedc4ab8ab92dd0f3af0cfe24dce184d225751d7bc870a9cddb9a557de847f", size = 1113779, upload-time = "2026-10-05T23:24:12.327Z" },
    { url = "https://files.pythonhosted.org/packages/f9/98/2eb4c79d1851195e6a083568b065235680ab984e984bbd472f2a7d02ba33/hypothesis-6.168.5-cp310-abi3-manylinux_2_5_i686.manylinux1_i686.whl", hash = "sha256:8b58097cc3b98d8616f635ac73888fc9f859311875f2adc043f1544c40c3c466", size = 1152639, upload-time = "2026-10-05T23:25:43.635Z" },
    { url = "https://files.pythonhosted.org/packages/f0/9c/68f7e99b43c6f37c077669a4d3bd88f48c042444ced9e7cff0eaf44bc70a/hypothesis-6.168.5-cp310-abi3-musllinux_1_2_aarch64.whl", hash = "sha256:f8a387d9ee7f804e830b31f2e2e339ab5731665e922cfda4f6f6fbdb05e191b4", size = 1290068, upload-time = "2026-10-05T23:25:28.45Z" },
    { url = "https://files.pythonhosted.org/packages/b4/04/d4f87164a0d028ab102cea345b601d9dafb3196358df5448caa88ac3c1e2/hypothesis-6.168.5-cp310-abi3-musllinux_1_2_armv7l.whl", hash = "sha256:326f6383fdf2e37ac69773589a8238a3bf396ca8ac8efacb0fb9ed42dd08e426", size = 1418551, upload-time = "2026-10-05T23:24:51.25Z" },
    { url = "https://files.pythonhosted.org/packages/a8/32/6b518a25514f0e643f95610c77e279bfbf0e0b3bd423aac0187d6f039b9a/hypothesis-6.168.5-cp310-abi3-musllinux_1_2_i686.whl", hash = "sha256:5d33fc74e43bbd7c3a8f6f7161a8b93b676924286e97e70e828c6e0dcee5c01f", size = 1372130, upload-time = "2026-10-05T23:25:32.359Z" },
    { url = "https://files.pythonhosted.org/packages/48/c2/32538e14e63193ca894ba584696805d1eb45cfc27e15fccd47acfb87531c/hypothesis-6.168.5-cp310-abi3-musllinux_1_2_ppc64le.whl", hash = "sha256:1994923cf5e5220ae6bf19645302504b27c0289d83e5d8690df71dcae63d8416", size = 1268950, upload-time = "2026-10-05T23:25:02.544Z" },
    { url = "https://files.pythonhosted.org/packages/86/3b/e50e7e98af9489aa05203c2ab38c95d891dd8d1ed08fad972dcdb6955332/hypothesis-6.168.5-cp310-abi3-musllinux_1_2_riscv64.whl", hash = "sha256:501038fd24d3bc95239cfd093a23cf1151f29dd82382a3554dac5dfdab9729ae", size = 1283907, upload-time = "2026-10-05T23:24:29.909Z" },
    { url = "https://files.pythonhosted.org/packages/71/46/41c460a7d2148a04b212b2d594d39992fb52e0b844e13bf6784573fc8dea/hypothesis-6.168.5-cp310-abi3-musllinux_1_2_x86_64.whl", hash = "sha256:e2292ddc24fe6d04b7d30fa6a7e2c9e280ad5078fe671d0bf4aa6df6e143b5ac", size = 1323762, upload-time = "2026-10-05T23:24:18.984Z" },
    { url = "https://files.pythonhosted.org/packages/68/4f/37a7fc1fe445e3589e0f56ff4573c28de1d6e6a03009cba2f99f04e46ffa/hypothesis-6.168.5-cp310-abi3-win32.whl", hash = "sha256:925d67c69b719d416334aa961c0cdfc4a58a471af1ebd2d7101bd515a70f4e5f", size = 677903, upload-time = "2026-10-05T23:25:07.129Z" },
    { url = "https://files.pythonhosted.org/packages/81/e6/7b25ca7845a60522ebc5f8054f6bba68d47126fb5d940c784fc528a4be4a/hypothesis-6.168.5-cp310-abi3-win_amd64.whl", hash = "sha256:2311590eccba452de863dfe3466daa86a05c25f072ab31ed8bb4d3313ee68439", size = 684616, upload-time = "2026-10-05T23:25:04.028Z" },
    { url = "https://files.pythonhosted.org/packages/c3/00/40e7c36b46c8788eddc7a322ad324e6db53c8ab9a8b9a95d6535ee7bdaaf/hypothesis-6.168.5-cp310-abi3-win_arm64.whl", hash = "sha256:222a6d23a2a824b0f9f73761c2fb9cd2aca96cf3e5b441617625bce4f7eb4fd4", size = 683061, upload-time = "2026-10-05T23:25:19.403Z" },
    { url = "https://files.pythonhosted.org/packages/de/95/f1149d913d685809c016b2a3ae9d727741ae22f52376c6d0ed51eecb5ac8/hypothesis-6.168.5-cp311-cp311-macosx_10_12_x86_64.whl", hash = "sha256:8c35e5d4a85d0d6071cc267a6cbb8fd7ae23ca8a0f745ea5a52c0064d7c1c4b8", size = 792108, upload-time = "2026-10-05T23:25:12.323Z" },
    { url = "https://files.pythonhosted.org/packages/bc/98/7e5ffb6bbfc033c85746243dc4d1541876082e136ee44c02f843bb77427e/hypothesis-6.168.5-cp311-cp311-macosx_11_0_arm64.whl", hash = "sha256:244a8d14c0a8a3be0345ad0b120deafb94517cc1d74a961d14b5b5eb041b4c0c", size = 788035, upload-time = "2026-10-05T23:26:26.557Z" },
    { url = "https://files.pythonhosted.org/packages/38/df/022129d3e16d19a84e7a5a35ebf7baca07d3482fb34f0faaab865b14fe66/hypothesis-6.168.5-cp311-cp311-manylinux_2_17_aarch64.manylinux2014_aarch64.whl", hash = "sha256:2e68e1d43b7c9c7a1aa659dfe1c0ecc2de79391b20db853c1e18ea7e3d2ce31f", size = 1115438, upload-time = "2026-10-05T23:24:52.639Z" },
    { url = "https://files.pythonhosted.org/packages/da/09/b3e45b0386d8f643a304105883c5bfce79fd530b2dfe3a70564e1d7aa0bd/hypothesis-6.168.5-cp311-cp311-manylinux_2_17_x86_64.manylinux2014_x86_64.whl", hash = "sha256:01a4d3773f285e75551eeef12df058e6316b666bcc3ec187c5eb52a893fbb015", size = 1157503, upload-time = "2026-10-05T23:25:05.609Z" },
    { url = "https://files.pythonhosted.org/packages/ee/4a/aba5a74ddb20c9f41ba5b8f2918c5a12660146cab2120f14122122715060/hypothesis-6.168.5-cp311-cp311-musllinux_1_2_aarch64.whl", hash = "sha256:cc327005f2fbb55db81d132948ee7c6cec0589694bed04b1e45fc8fc317e12bd", size = 1290235, upload-time = "2026-10-05T23:25:08.982Z" },
    { url = "https://files.pythonhosted.org/packages/34/f4/7204aa6117a38085e6f1dbefd5cd98050a58c847f2bdecc917422cdb2b1c/hypothesis-6.168.5-cp311-cp311-musllinux_1_2_x86_64.whl", hash = "sha256:62f21c74ad83fe77abc72e82c54114148fb01396769c234e26c9b9dbc21344a9", size = 1324204, upload-time = "2026-10-05T23:26:16.239Z" },
    { url = "https://files.pythonhosted.org/packages/a5/4b/15a46ced6d999148d1b718c5488c243bd56dfcd687a61404fe371192dfd5/hypothesis-6.168.5-cp311-cp311-win_amd64.whl", hash = "sha256:bd3ff6e53e29b86ec6078f123284e65e1c678fe7b30c2b52512244faf266502c", size = 684414, upload-time = "2026-10-05T23:26:18.231Z" },
    { url = "https://files.pythonhosted.org/packages/90/43/a04a727578cbef9f75c11fa6fbad66d13aaffc354f4f979506219814c7d4/hypothesis-6.168.5-cp312-cp312-macosx_10_12_x86_64.whl", hash = "sha256:ddee1ef4bab47e315b705e42d2f4354e789973d11f9620d2df242aef4cfa42b2", size = 793156, upload-time = "2026-10-05T23:25:49.433Z" },
    { url = "https://files.pythonhosted.org/packages/f4/91/55de4e2a12fe98ebd5bc8f35e59870c897ab360cbfe5aa63862cdbef56ad/hypothesis-6.168.5-cp312-cp312-macosx_11_0_arm64.whl", hash = "sha256:81ceb49b0dc3a4b6126cd0d3bf2b634af4e91513c8f1e2daee16041414ed8e3d", size = 784788, upload-time = "2026-10-05T23:26:20.188Z" },
    { url = "https://files.pythonhosted.org/packages/f4/61/230abc6320540bdf73baf9a1c025fb0aa27cfd5a3791a2e0c95114239a70/hypothesis-6.168.5-cp312-cp312-manylinux_2_17_aarch64.manylinux2014_aarch64.whl", hash = "sha256:0a09caa95d2d7e6546f727f703de606145835d9ca215fb3134a21353c69afaac", size = 1113853, upload-time = "2026-10-05T23:25:30.593Z" },
    { url = "https://files.pythonhosted.org/packages/f7/4d/3bf0a7806b3fa12ed076f2daeb3db0e6f9738994e879432ffd8dbcffd634/hypothesis-6.168.5-cp312-cp312-manylinux_2_17_x86_64.manylinux2014_x86_64.whl", hash = "sha256:97ac1d516a42a3b1f13b36a1aa6a5f842e43d67e69d4dc664a9645b28de411ef", size = 1156695, upload-time = "2026-10-05T23:24:28.607Z" },
    { url = "https://files.pythonhosted.org/packages/7c/a0/603f918fcf8f74f81ea593b04e3a9a9fcd426bbf389ed52cb340249bdc14/hypothesis-6.168.5-cp312-cp312-musllinux_1_2_aarch64.whl", hash = "sha256:e4819fba78c6cbaa6e2f9fd5a69a413817446943f286763819b5ac52391bff3e", size = 1288792, upload-time = "2026-10-05T23:25:36.354Z" },
    { url = "https://files.pythonhosted.org/packages/69/7c/711ef5be6e889dcd40d9b03cdd85cd42ae39af75835bced3c374730291a9/hypothesis-6.168.5-cp312-cp312-musllinux_1_2_x86_64.whl", hash = "sha256:87334b95dfbc101652fa48a427a742b0715b814506d9a10f621c29e476b4a2c1", size = 1323090, upload-time = "2026-10-05T23:25:58.753Z" },
    { url = "https://files.pythonhosted.org/packages/66/66/0377d7d13ff3e2c16efd141942649edcdb568caec4576f86ac779545dd85/hypothesis-6.168.5-cp312-cp312-win_amd64.whl", hash = "sha256:2fcec23ff4eb526ee85d3510f564b938ca74f6011f1eec1050e4eb55280b0468", size = 681999, upload-time = "2026-10-05T23:25:41.86Z" },
    { url = "https://files.pythonhosted.org/packages/7b/b3/1f7f72cd28d02a5ca99c432fbffe4b750a375df2284af9d916943dd3aa4f/hypothesis-6.168.5-cp313-cp313-macosx_10_12_x86_64.whl", hash = "sha256:714337b25ca9137bc359c570b868269462307e120999412ca1946f997f4b9db5", size = 793075, upload-time = "2026-10-05T23:25:15.905Z" },
    { url = "https://files.pythonhosted.org/packages/8f/ba/5b0874828695c4d49e3858d0967254f783e563cd0e211a6db27d11d48a1f/hypothesis-6.168.5-cp313-cp313-macosx_11_0_arm64.whl", hash = "sha256:7f1c3617155fcf5b5259a1f2e4c775d3eec7bfa80b162b2f6f145b08f871ab08", size = 784693, upload-time = "2026-10-05T23:24:16.559Z" },
    { url = "https://files.pythonhosted.org/packages/c5/5f/ca777becba5251b0d778bb9d83d15524c559a07e4b5d4e6211473855bae2/hypothesis-6.168.5-cp313-cp313-manylinux_2_17_aarch64.manylinux2014_aarch64.whl", hash = "sha256:ebee70b7a026210bb47c86c89e5bfb42effd5bd630080e76bc084f29c01c7f7a", size = 1113693, upload-time = "2026-10-05T23:24:44.262Z" },
    { url = "https://files.pythonhosted.org/packages/a7/e7/5a74bf329e405db3edc5639a2595eccf33ad6f5aaa191019e9f824d630f4/hypothesis-6.168.5-cp313-cp313-manylinux_2_17_x86_64.manylinux2014_x86_64.whl", hash = "sha256:8cfb06b31cca005345b8ad63f88986d21fd359a7dc3dba2965dd3515b720e5c9", size = 1156530, upload-time = "2026-10-05T23:24:47.153Z" },
    { url = "https://files.pythonhosted.org/packages/34/7d/e79cf67f03f212a1394abac21053bd6887aa70f557be1da3f9c9c73e58ae/hypothesis-6.168.5-cp313-cp313-musllinux_1_2_aarch64.whl", hash = "sha256:4a4c244d7ab64963fb575f0ec2d813630e1d14cefc39e7c460d5d778e5af4118", size = 1288713, upload-time = "2026-10-05T23:25:22.763Z" },
    { url = "https://files.pythonhosted.org/packages/14/c7/df452159ac8d7b278071a3e81fafc69da833ec4302b8c85f5b6e530aea21/hypothesis-6.168.5-cp313-cp313-musllinux_1_2_x86_64.whl", hash = "sha256:8e59d519f6fb38b3fa4fcde046767b03a24740fe827d261ee7ff9a721c06169b", size = 1323134, upload-time = "2026-10-05T23:26:02.485Z" },
    { url = "https://files.pythonhosted.org/packages/af/fb/f07d8d09fb57eb14555cad64dfbe29bfdcecff3806f1e01268258088e741/hypothesis-6.168.5-cp313-cp313-win_amd64.whl", hash = "sha256:c103f655644afa4ef6bf7efbf86e44b78ee475fd0691da2db86e2cfe72c07234", size = 682019, upload-time = "2026-10-05T23:24:22.888Z" },
    { url = "https://files.pythonhosted.org/packages/de/e9/7c3c2262b8cfa825c4c1764d62aa15e628bae257ccfd2ee4f3ffa4f81eaa/hypothesis-6.168.5-cp314-cp314-macosx_10_12_x86_64.whl", hash = "sha256:c4dc037d8001bc6eccb8636f4a38d16ea6b250d6bf0a89075aaa5e5069f751cc", size = 793253, upload-time = "2026-10-05T23:26:14.331Z" },
    { url = "https://files.pythonhosted.org/packages/3a/a6/7909ed7d29302491e9b7bc0e7ac3287c20736c05a0cc35bae65024aeec3b/hypothesis-6.168.5-cp314-cp314-macosx_11_0_arm64.whl", hash = "sha256:c90743321f29b65491d146adfc2ece85869bacb71ce18b47674795e896c81ee3", size = 784837, upload-time = "2026-10-05T23:25:24.728Z" },
    { url = "https://files.pythonhosted.org/packages/91/8c/57742c459349052e6a3e0c011855840f8cbbbadca91079d5b591f08b25ae/hypothesis-6.168.5-cp314-cp314-manylinux_2_17_aarch64.manylinux2014_aarch64.whl", hash = "sha256:09debb7f7f0f229da5f7e2ad515a5be7a8dc607ec204074775f8ab6731a447f0", size = 1114268, upload-time = "2026-10-05T23:24:27.35Z" },
    { url = "https://files.pythonhosted.org/packages/55/80/07bd2449f91f9426f705fb689429bab6e26d1365f8ac4ef7d7c1cec9055e/hypothesis-6.168.5-cp314-cp314-manylinux_2_17_x86_64.manylinux2014_x86_64.whl", hash = "sha256:d227f8ac497eca0bde4e8562d32dd4e82fc9566526020bbd567f76b833b923b0", size = 1156838, upload-time = "2026-10-05T23:24:35.211Z" },
    { url = "https://files.pythonhosted.org/packages/fe/75/7f3dda517e5134f73e2ae41821bf40b3fd3ac6551a9a43ea9287471738a1/hypothesis-6.168.5-cp314-cp314-musllinux_1_2_aarch64.whl", hash = "sha256:cc6ebd35601c72c842e5899c3f760f9ed26c69e786ee40a9a64fb5a4a3058315", size = 1288864, upload-time = "2026-10-05T23:24:42.645Z" },
    { url = "https://files.pythonhosted.org/packages/c8/cd/4b1364140642cf3f1431ca59b5841fc322872dfa7197b2facb97692da234/hypothesis-6.168.5-cp314-cp314-musllinux_1_2_x86_64.whl", hash = "sha256:503e103ad49e702bad200157d82778eebbc14d3045e9700a8e8fe5db40912953", size = 1323300, upload-time = "2026-10-05T23:24:14.826Z" },
    { url = "https://files.pythonhosted.org/packages/20/e7/47d7cffcaf15318a4308516b6b3d2fd0db599f18eacc0f2dc553be2206a7/hypothesis-6.168.5-cp314-cp314-pyemscripten_2026_0_wasm32.whl", hash = "sha256:bc5cc310f9f86ec62f0d0dd7eea5a4788f18ec793b70ee2c7163b916768e1057", size = 624239, upload-time = "2026-10-05T23:24:48.453Z" },
    { url = "https://files.pythonhosted.org/packages/97/6e/2ca0f68150be175b7cfa7bfb6692260638d86aeb9313478ba82e198186e6/hypothesis-6.168.5-cp314-cp314-win_amd64.whl", hash = "sha256:71ce0599e806ce3a68f9f118edf450bf091e11b134f6bcc5f8dd706b42c91ebc", size = 681884, upload-time = "2026-10-05T23:25:00.757Z" },
    { url = "https://files.pythonhosted.org/packages/bd/4b/4fc2b5970df0c27668ec08abc505f1d01314a69953f89dc0edc6528ff5a0/hypothesis-6.168.5-cp314-cp314t-macosx_10_12_x86_64.whl", hash = "sha256:f66b02c9e95e916a2c58f725a92377ec988146ed7b5aeccd5e78ceecac1eae6f", size = 791636, upload-time = "2026-10-05T23:26:22.365Z" },
    { url = "https://files.pythonhosted.org/packages/04/b2/03cdf5f052dcb441e045be1fd0aa531e85cde1a1cbabab60968625c570a3/hypothesis-6.168.5-cp314-cp314t-macosx_11_0_arm64.whl", hash = "sha256:bab27926e1d1575fb43b70d4aeece05b74a5e477af0509b56cb6fd778070dd93", size = 783280, upload-time = "2026-10-05T23:26:24.333Z" },
    { url = "https://files.pythonhosted.org/packages/7d/d8/615557af244e2f3ce4763029c03a62ed82dcbbd646b72a8c479ef0408b33/hypothesis-6.168.5-cp314-cp314t-manylinux_2_17_aarch64.manylinux2014_aarch64.whl", hash = "sha256:edeb42c3009b5652dc1c44907ec91bfe9284100ad5e57993dfebabb76f2961a1", size = 1112149, upload-time = "2026-10-05T23:24:13.526Z" },
    { url = "https://files.pythonhosted.org/packages/9f/67/a6707fcd51dc5f2531bf88ac072e99f31ab9d8020488b01349a6d2981081/hypothesis-6.168.5-cp314-cp314t-manylinux_2_17_x86_64.manylinux2014_x86_64.whl", hash = "sha256:8977456328147c521a16a089325017b2c728fddc23351693a4fd924cc7fc7001", size = 1155637, upload-time = "2026-10-05T23:24:24.047Z" },
    { url = "https://files.pythonhosted.org/packages/85/d4/ac2e852d2f163afd398854662bcbb0b849a767abbf2f95a75de6f685f821/hypothesis-6.168.5-cp314-cp314t-musllinux_1_2_aarch64.whl", hash = "sha256:36ecf7ac351f9c0b5489ba800884b607da754e88ef40713fbfcc170d2151e6eb", size = 1287040, upload-time = "2026-10-05T23:25:47.706Z" },
    { url = "https://files.pythonhosted.org/packages/23/07/f77b1602704bda6ff3d9d0817120bd7fb94fd792bd25508b36ce4b8bd2a2/hypothesis-6.168.5-cp314-cp314t-musllinux_1_2_x86_64.whl", hash = "sha256:0333aa5129ba3019a83fb81a7f0fc238180e415a9edddd9a15101f8deaaa517e", size = 1322166, upload-time = "2026-10-05T23:25:45.39Z" },
    { url = "https://files.pythonhosted.org/packages/6d/2e/94138a73e0906b31cb5968d20be58688f582a09e5958f2c75d45a7049545/hypothesis-6.168.5-cp314-cp314t-win_amd64.whl", hash = "sha256:2fcb87341d76ae0183e8219c9a14d55957c50d14973879db5fea3e81da45ba1a", size = 681599, upload-time = "2026-10-05T23:24:37.827Z" },
    { url = "https://files.pythonhosted.org/packages/92/13/92cb8092b680be2b6ec5ffe83b9f1a98dbf414117566f9e3ba4e8b569214/hypothesis-6.168.5-cp315-abi3.abi3t-macosx_10_12_x86_64.whl", hash = "sha256:453ab7d0a1fadbaa54ae8722d22463cc2046fa8ef25b9b88715d28279bf79fc1", size = 790950, upload-time = "2026-10-05T23:24:45.852Z" },
    { url = "https://files.pythonhosted.org/packages/e6/22/78aea12694e3d1177e2980d44798b6d93e191faf59155b18bf5ae315f6a2/hypothesis-6.168.5-cp315-abi3.abi3t-macosx_11_0_arm64.whl", hash = "sha256:bbdbc43d1f9dad595b249b7bbe8ee5102bc94a4fcb0a79ff76d20e41fcfe342a", size = 782939, upload-time = "2026-10-05T23:25:39.961Z" },
    { url = "https://files.pythonhosted.org/packages/bd/12/5ef9947b2d149f773428e555bdf66688405aa5167510bdbe97c8ec5c6090/hypothesis-6.168.5-cp315-abi3.abi3t-manylinux_2_17_aarch64.manylinux2014_aarch64.whl", hash = "sha256:2bc36194d7b6083591060836c7872711a6820217b325bf432dd7e10b3d4af5cb", size = 1111380, upload-time = "2026-10-05T23:24:39.087Z" },
    { url = "https://files.pythonhosted.org/packages/e1/65/7e668e203fb2659c6214dc0c24cc09b7dea8a02c7c8d0ad338f644a054c4/hypothesis-6.168.5-cp315-abi3.abi3t-manylinux_2_17_armv7l.manylinux2014_armv7l.whl", hash = "sha256:22425e2b1543a43c157a81472c713ba8f291cbaf054c70ffe128e2cacc294f65", size = 1142644, upload-time = "2026-10-05T23:26:30.697Z" },
    { url = "https://files.pythonhosted.org/packages/c0/77/b112978676e795658d58c4294bf90cdbb8cb56cb8292c8c4874650468cf9/hypothesis-6.168.5-cp315-abi3.abi3t-manylinux_2_17_ppc64le.manylinux2014_ppc64le.whl", hash = "sha256:eea0bc513d0e38d1d5ddfb581132928871cd02dc54dfe4511a5396727c48e9d0", size = 1135966, upload-time = "2026-10-05T23:24:49.806Z" },
    { url = "https://files.pythonhosted.org/packages/e6/27/cd3bf01e8246c4318ec3df15f5eeeee3214f444df0129a6c7f9a62859ee8/hypothesis-6.168.5-cp315-abi3.abi3t-manylinux_2_17_s390x.manylinux2014_s390x.whl", hash = "sha256:eb142bc70bbf6645e15c7ca72de3f7c8dae198aa2743a609f4f3e3bb4f9c3a52", size = 1189646, upload-time = "2026-10-05T23:26:04.471Z" },
    { url = "https://files.pythonhosted.org/packages/7d/a6/4d3e882f31c289e432dfec34dbb9029296038a8c69e8b28cebb0a5fb7ea8/hypothesis-6.168.5-cp315-abi3.abi3t-manylinux_2_17_x86_64.manylinux2014_x86_64.whl", hash = "sha256:a27b758707bd37f5a1759cca6eef83fe1a212c38dc4ca0a203434004c5647d15", size = 1154770, upload-time = "2026-10-05T23:25:10.814Z" },
    { url = "https://files.pythonhosted.org/packages/7f/89/96f5455e1b3d0409cbbb1434c98e792bcceefd614a4b11e600072520b487/hypothesis-6.168.5-cp315-abi3.abi3t-manylinux_2_31_riscv64.whl", hash = "sha256:77a111cb50c330fa7098f65852fa17a01ecd781a85be3cf5e5871bdeeeb0ecbc", size = 1109925, upload-time = "2026-10-05T23:25:26.369Z" },
    { url = "https://files.pythonhosted.org/packages/3d/64/0758985d9d36f0c5ec981a1457ea1c8173f62d46a94531417aec117df4d7/hypothesis-6.168.5-cp315-abi3.abi3t-manylinux_2_5_i686.manylinux1_i686.whl", hash = "sha256:cdd0afc13e86ec76cae3d3659569c1f601f4e9ca52b5cf91c1685979eae64d7b", size = 1148476, upload-time = "2026-10-05T23:24:54.552Z" },
    { url = "https://files.pythonhosted.org/packages/43/5c/a9b8953e1d8aefcd3c22cf8d10dd8acf93e602b903278e2e51cf8544ccea/hypothesis-6.168.5-cp315-abi3.abi3t-musllinux_1_2_aarch64.whl", hash = "sha256:5fefb02035864c3d322e3b0969b296250923fdcfb574ea1ad4374f1a6333f663", size = 1285856, upload-time = "2026-10-05T23:25:38.239Z" },
    { url = "https://files.pythonhosted.org/packages/bf/37/66098444dc832523ddc4f2e05723662834e5f99bba3c759615d059f6420e/hypothesis-6.168.5-cp315-abi3.abi3t-musllinux_1_2_armv7l.whl", hash = "sha256:9db8aa1f5529e1b577ec18b775c2fb4225821712e946f7762b90c966604faf83", size = 1415500, upload-time = "2026-10-05T23:24:21.682Z" },
    { url = "https://files.pythonhosted.org/packages/0c/d3/e971b6fe20ef8d7c2019cbf24b4f6149468efc88c42a744f5bc99e6ca0ed/hypothesis-6.168.5-cp315-abi3.abi3t-musllinux_1_2_i686.whl", hash = "sha256:59e07d2f62b5ff573b0059959ae9cef9edfb0f5393fdb35ea81fce1ee77b27ac", size = 1368623, upload-time = "2026-10-05T23:26:11.292Z" },
    { url = "https://files.pythonhosted.org/packages/e6/ac/b279dfbd2c06cdb3030ba7eea042cb2cf0171d0013563d103d5207dde63b/hypothesis-6.168.5-cp315-abi3.abi3t-musllinux_1_2_ppc64le.whl", hash = "sha256:8a03ca128bea29d6826fc545f1f6289fb1ea2e83a5bb811321761b2d515ca575", size = 1264457, upload-time = "2026-10-05T23:25:21.073Z" },
    { url = "https://files.pythonhosted.org/packages/55/57/16ac9f8ddfada1cd278bd2185234d0d36ebd304926b69ad0497c210c6fed/hypothesis-6.168.5-cp315-abi3.abi3t-musllinux_1_2_riscv64.whl", hash = "sha256:5c03f2d3f84f626f3fd07f54573ab40455e1a1996e98a4f4971caf8b7e796afe", size = 1281744, upload-time = "2026-10-05T23:24:31.263Z" },
    { url = "https://files.pythonhosted.org/packages/3b/d1/99a44430b82998fdef0ffd7d353f64ee5f078c2805ff70f8677ee102cb6c/hypothesis-6.168.5-cp315-abi3.abi3t-musllinux_1_2_x86_64.whl", hash = "sha256:2bdf8ce9b72a620cd5ec4dd6b1c1837ff6971489a863851d11d9b0f58dd4062a", size = 1321504, upload-time = "2026-10-05T23:26:00.583Z" },
    { url = "https://files.pythonhosted.org/packages/bb/6a/58ef2564d1985a5c1a1dc57906b8363a767094abca180e80a0aca4cb635f/hypothesis-6.168.5-cp315-abi3.abi3t-win32.whl", hash = "sha256:5c3abbef7b17571fd713b0922407d9cd8cbc652254c0f462875f15199fcb29f7", size = 674959, upload-time = "2026-10-05T23:24:36.482Z" },
    { url = "https://files.pythonhosted.org/packages/a3/90/153414f55eb0c85bd9d891bd7811d746978c7ad3de81ea79eeb4e62e088b/hypothesis-6.168.5-cp315-abi3.abi3t-win_amd64.whl", hash = "sha256:38172199abab94a04bc017613e055faa796d7175fbc6221aac504d406c960b60", size = 681329, upload-time = "2026-10-05T23:26:08.897Z" },
    { url = "https://files.pythonhosted.org/packages/6d/63/117c82f08ab3ba1dcfbf6562ac43b8deb8efa8106646494fadd15122cc1b/hypothesis-6.168.5-cp315-abi3.abi3t-win_arm64.whl", hash = "sha256:0600ddc24c32dab5ca8e780630ab6e2561df6d7f594f781d0608b38e04c4da91", size = 679632, upload-time = "2026-10-05T23:24:33.753Z" },
    { url = "https://files.pythonhosted.org/packages/73/25/5c38b739fb778d4de48aab6509b9cf0afd0317bb0459741afdcd0ad44aed/hypothesis-6.168.5-pp311-pypy311_pp73-macosx_10_12_x86_64.whl", hash = "sha256:6786049db92275e0c5cfac7dfcda6d4bbc80bdf84cbc8c9c7171ca17f47b5aac", size = 792028, upload-time = "2026-10-05T23:24:56.365Z" },
    { url = "https://files.pythonhosted.org/packages/7b/3f/91071d53240f5f13ab1dda286e3ddb33177537dbf55cede76e7f4a3856db/hypothesis-6.168.5-pp311-pypy311_pp73-macosx_11_0_arm64.whl", hash = "sha256:ffbde24430dcd73231fd03324a934e0f638f7c0899fc566f3ef8c851534f8030", size = 787324, upload-time = "2026-10-05T23:24:17.822Z" },
    { url = "https://files.pythonhosted.org/packages/10/ef/eb262e50d7741de6c49d27923e2c282d079273b8bcdacde33165ea39488d/hypothesis-6.168.5-pp311-pypy311_pp73-manylinux_2_17_aarch64.manylinux2014_aarch64.whl", hash = "sha256:ea967baaedfd532f1a521aaedafc66bb9de09795071492b0e7252139df38479f", size = 1115118, upload-time = "2026-10-05T23:24:20.43Z" },
    { url = "https://files.pythonhosted.org/packages/87/67/a655a8666164aa896516f919af272fa3a3a00d2786be880c31bb638e79e2/hypothesis-6.168.5-pp311-pypy311_pp73-manylinux_2_17_x86_64.manylinux2014_x86_64.whl", hash = "sha256:0b2f98289a5da876c08b9eeb68d1cfdfbd0fcc110cf364d33c3cc32cf229ffe8", size = 1157894, upload-time = "2026-10-05T23:26:28.641Z" },
    { url = "https://files.pythonhosted.org/packages/57/4d/71c422a29446c03e9a052f10b8ee527044242e71e3c0139100991f721e16/hypothesis-6.168.5-pp311-pypy311_pp73-win_amd64.whl", hash = "sha256:e313a01ce580180dc3bb8fa98ddd0ffb20e51e108d9fa747ba6c1596790dc3fa", size = 685030, upload-time = "2026-10-05T23:24:09.964Z" },
]

[[package]]
name = "iniconfig"
version = "2.3.0"
source = { registry = "https://pypi.org/simple" }
sdist = { url = "https://files.pythonhosted.org/packages/72/34/14ca021ce8e5dfedc35312d08ba8bf51fdd999c576889fc2c24cb97f4f10/iniconfig-2.3.0.tar.gz", hash = "sha256:c76315c77db068650d49c5b56314774a7804df16fee4402c1f19d6d15d8c4730", size = 20503, upload-time = "2025-10-18T21:55:43.219Z" }
wheels = [
    { url = "https://files.pythonhosted.org/packages/cb/b1/3846dd7f199d53cb17f49cba7e651e9ce294d8497c8c150530ed11865bb8/iniconfig-2.3.0-py3-none-any.whl", hash = "sha256:f631c04d2c48c52b84d0d0549c99ff3859c98df65b3101406327ecc7d53fbf12", size = 7484, upload-time = "2025-10-18T21:55:41.639Z" },
]

[[package]]
name = "packaging"
version = "26.3"
source = { registry = "https://pypi.org/simple" }
sdist = { url = "https://files.pythonhosted.org/packages/7d/fa/3944b40b07da9ce895c0e6303a5ab7d53da063554f534556b134a54d6093/packaging-26.3.tar.gz", hash = "sha256:94edc256424af38762eb31306eed28beb9f0efc50a8837492c9d6fd6004aed79", size = 313412, upload-time = "2026-08-04T18:15:28.737Z" }
wheels = [
    { url = "https://files.pythonhosted.org/packages/63/34/ba1c580383c9eada3711951fef0795c80b829a078d72188184bcab9dd527/packaging-26.3-py3-none-any.whl", hash = "sha256:d7193f7c8e4e93f444fde0262bf90af30e16fa0ad0ad44cb553c87339b23cd1c", size = 129956, upload-time = "2026-08-04T18:15:27.159Z" },
]

[[package]]
name = "pluggy"
version = "1.6.0"
source = { registry = "https://pypi.org/simple" }
sdist = { url = "https://files.pythonhosted.org/packages/f9/e2/3e91f31a7d2b083fe6ef3fa267035b518369d9511ffab804f839851d2779/pluggy-1.6.0.tar.gz", hash = "sha256:7dcc130b76258d33b90f61b658791dede3486c3e6bfb003ee5c9bfb396dd22f3", size = 69412, upload-time = "2025-05-15T12:30:07.975Z" }
wheels = [
    { url = "https://files.pythonhosted.org/packages/54/20/4d324d65cc6d9205fabedc306948156824eb9f0ee1633355a8f7ec5c66bf/pluggy-1.6.0-py3-none-any.whl", hash = "sha256:e920276dd6813095e9377c0bc5566d94c932c33b27a3e3945d8389c374dd4746", size = 20538, upload-time = "2025-05-15T12:30:06.134Z" },
]

[[package]]
name = "prek"
version = "0.5.5"
source = { registry = "https://pypi.org/simple" }
sdist = { url = "https://files.pythonhosted.org/packages/9b/7b/11538b8e6cd7e269261feae62a2d08818fdcf8f43c3b1a253cec01a5488d/prek-0.5.5.tar.gz", hash = "sha256:16bf596768bb754779c7d42317e9ca16ac609c0cce7d13bae0829944ab40a26a", size = 570428, upload-time = "2026-10-05T06:08:59.165Z" }
wheels = [
    { url = "https://files.pythonhosted.org/packages/2e/77/189e554ea92baf6c1d33733b3e9d1ed819ab7d77e57eb2e3ead0bb1d8060/prek-0.5.5-py3-none-macosx_10_12_x86_64.whl", hash = "sha256:50fbceb0f728b504023f6e6c9037ac0656436949d94f7a85bac5542e6c1a4a75", size = 6038669, upload-time = "2026-10-05T06:08:39.368Z" },
    { url = "https://files.pythonhosted.org/packages/63/ea/fc857c6b3f1e3fdb4d81bdca2051076de82e986cb1455a01b351ac7a5cd1/prek-0.5.5-py3-none-macosx_11_0_arm64.whl", hash = "sha256:2f610927b95e84b28173a4c810892a7b5d5bb55bee792ddf97178fa97654633e", size = 5548955, upload-time = "2026-10-05T06:08:41.428Z" },
    { url = "https://files.pythonhosted.org/packages/47/c3/2bab54f6393fb9f247225681d476086e24fa6242f329e9ca1e5bd638ec50/prek-0.5.5-py3-none-manylinux_2_17_aarch64.manylinux2014_aarch64.musllinux_1_1_aarch64.whl", hash = "sha256:120ef7d4b6bb58155e74827743c266e48501efb0e4c37ff726b14fe6e86a126b", size = 5848228, upload-time = "2026-10-05T06:08:44.051Z" },
    { url = "https://files.pythonhosted.org/packages/aa/f9/1279e1c83819de5904db1a09f4afc589932a2e62c7063713b1fe3a54ee46/prek-0.5.5-py3-none-manylinux_2_17_ppc64le.manylinux2014_ppc64le.whl", hash = "sha256:2f6c453a12c21757b23bbbc97415aef78527841ad3f9e61f52cb35cf012f93e5", size = 6371296, upload-time = "2026-10-05T06:08:46.278Z" },
    { url = "https://files.pythonhosted.org/packages/93/fc/e566be5919eaffef4cc22488f16e4bbfd08961734bd67c06f85d405e4cbc/prek-0.5.5-py3-none-manylinux_2_17_x86_64.manylinux2014_x86_64.whl", hash = "sha256:73d509c0d9556171de2502bada4962be7a25871e7b23e782549074e1416dc850", size = 6269922, upload-time = "2026-10-05T06:08:48.645Z" },
    { url = "https://files.pythonhosted.org/packages/d2/39/a48d8e6203055bff7bb734b1f2f9aede4a4539bee6ab4c9273dbc01fa546/prek-0.5.5-py3-none-manylinux_2_28_aarch64.whl", hash = "sha256:76c867fdbd4e4f19e6b6b2988bd1e1407d1324170ebcf1428e4e34f8f0751a99", size = 5861518, upload-time = "2026-10-05T06:08:50.808Z" },
    { url = "https://files.pythonhosted.org/packages/b7/03/690fba9543033e25ea2e7b2ae1cca1ae8d8c2e32295f0d66f4b50934b8c7/prek-0.5.5-py3-none-musllinux_1_1_x86_64.whl", hash = "sha256:c69f60c2b3b4d481e38d0eab3b97ac05ec05d7648ae690925ae95ca9d22c7643", size = 6383685, upload-time = "2026-10-05T06:08:52.868Z" },
    { url = "https://files.pythonhosted.org/packages/8c/04/1e9ccf3a61a3bfd4107b83973f7afde9177b6ff8f2d5d4b00125e77c2100/prek-0.5.5-py3-none-win_amd64.whl", hash = "sha256:15bff9039349466ea9bf6b0c173b822ff08f8ae4cfbfdea782492e519c06d874", size = 5784759, upload-time = "2026-10-05T06:08:55.056Z" },
    { url = "https://files.pythonhosted.org/packages/41/d9/bb6811e438d3c74d26cb5d72e6343606e0a7a6283fee87521189f4ba1191/prek-0.5.5-py3-none-win_arm64.whl", hash = "sha256:3db3191d2509830c75438e20956a47c2259867d18a4106064ed75088b968a0c6", size = 5517355, upload-time = "2026-10-05T06:08:57.193Z" },
]

[[package]]
name = "pygments"
version = "2.21.0"
source = { registry = "https://pypi.org/simple" }
sdist = { url = "https://files.pythonhosted.org/packages/49/2e/ced460408999b33da6b31b0021b0f37d329e202d4169aeb164493778f25b/pygments-2.21.0.tar.gz", hash = "sha256:610ca751c9bc2492b38eb9a38a7fbc93edbbb2d7182edaf34e66ae493dee5c8c", size = 5005329, upload-time = "2026-08-17T08:02:48.824Z" }
wheels = [
    { url = "https://files.pythonhosted.org/packages/71/46/17f022dd3e953bf20a04a028a21ec746d942f8d2af30fa0f124fa0e6a684/pygments-2.21.0-py3-none-any.whl", hash = "sha256:2363c69b61c4a97c838da3b130dcd6468f4848992b21a82f2a63ec34377137d9", size = 1250147, upload-time = "2026-08-17T08:02:44.912Z" },
]

[[package]]
name = "pytest"
version = "9.1.1"
source = { registry = "https://pypi.org/simple" }
dependencies = [
    { name = "colorama", marker = "sys_platform == 'win32'" },
    { name = "iniconfig" },
    { name = "packaging" },
    { name = "pluggy" },
    { name = "pygments" },
]
sdist = { url = "https://files.pythonhosted.org/packages/e4/47/b9efed96c114afcfa3c9d3fe98a76a1d14c74a9e266d397cf6eb64be5e01/pytest-9.1.1.tar.gz", hash = "sha256:1088fbde8f2b49d95a549a195707afa7a76a3ce9bcadc26b6d71f0ffda5fe313", size = 1636369, upload-time = "2026-06-19T10:58:32.857Z" }
wheels = [
    { url = "https://files.pythonhosted.org/packages/24/25/1de2678b631f5a49215c6c96fff41ba892b0a34df68d6d80292b1b48aa7f/pytest-9.1.1-py3-none-any.whl", hash = "sha256:37a86b45efb9a47a61a36449063e8e18d0cab3161329fc099eb21783169c4f0c", size = 386536, upload-time = "2026-06-19T10:58:31.347Z" },
]

[[package]]
name = "ruff"
version = "0.16.10"
source = { registry = "https://pypi.org/simple" }
sdist = { url = "https://files.pythonhosted.org/packages/c4/49/23802c45f093eb14bde54b141d2b2f058edfa63a06db7beed047308cc08f/ruff-0.16.10.tar.gz", hash = "sha256:eff4728c4eaae93f0955cd264d24b2ab348e74bf59986ccf282ba6dc16b3b017", size = 4958724, upload-time = "2026-10-01T18:03:21.697Z" }
wheels = [
    { url = "https://files.pythonhosted.org/packages/2f/21/ebce22e1d90cdb2cd691026b9c6e9bec6499f0b396089481755b5d49efff/ruff-0.16.10-py3-none-linux_armv6l.whl", hash = "sha256:488b0fe3f3574210e5cf80d9f59b9e3ab17a127a8155de3f307b392589cfb511", size = 10095557, upload-time = "2026-10-01T18:02:36.072Z" },
    { url = "https://files.pythonhosted.org/packages/cb/98/a54de85876a8b2612bfa0d84c7b9abfb39c6a3354aee7800b09c1649b9e3/ruff-0.16.10-py3-none-macosx_10_12_x86_64.whl", hash = "sha256:e748ff95c934c4e978783b8e687bc174e7bd84e8ad24e3243e1ecfcda5e0282d", size = 10340577, upload-time = "2026-10-01T18:02:39.258Z" },
    { url = "https://files.pythonhosted.org/packages/9f/16/1a5a4a2657effe4806110f2b907313802f1367fcdbb29e8122766e407fab/ruff-0.16.10-py3-none-macosx_11_0_arm64.whl", hash = "sha256:3031a4a2e8e7b8a46f70be45f198c35a11ece509a94b80334d8d397a33c67550", size = 9774282, upload-time = "2026-10-01T18:02:41.79Z" },
    { url = "https://files.pythonhosted.org/packages/6e/fb/470085af734da396e68cd80fb0a3e7c109a459716ae59588c0f6fab8a17d/ruff-0.16.10-py3-none-manylinux_2_17_aarch64.manylinux2014_aarch64.whl", hash = "sha256:494401c86df4c4c25f69b9419605d944467ee98c42fb6ad405ef4fa40b8fb67d", size = 9920895, upload-time = "2026-10-01T18:02:44.458Z" },
    { url = "https://files.pythonhosted.org/packages/57/de/f10cffe4f88a37ea6615ec460f01bf76f0bc1477737a35d9ee61a630a78b/ruff-0.16.10-py3-none-manylinux_2_17_armv7l.manylinux2014_armv7l.whl", hash = "sha256:d203abc0ff2b773ee33d00ab8df0bb67046fbc7c07b119332f08b9b345cf8221", size = 9902707, upload-time = "2026-10-01T18:02:47.041Z" },
    { url = "https://files.pythonhosted.org/packages/ff/44/3fdcedf83ae60ef837dd239170e480dce606a9142cfa2db911afdf855fd9/ruff-0.16.10-py3-none-manylinux_2_17_i686.manylinux2014_i686.whl", hash = "sha256:bd83d1235a5258d318477bc5b576303974cbdef5df0c01a1bff14efcc23bd12a", size = 10619287, upload-time = "2026-10-01T18:02:49.485Z" },
    { url = "https://files.pythonhosted.org/packages/c1/62/02e76a5574002153618eafbb70e159468addc72a5d2c488e65cbb4639d2d/ruff-0.16.10-py3-none-manylinux_2_17_ppc64le.manylinux2014_ppc64le.whl", hash = "sha256:bc2610fb269fa56dd8a68669ae470fa6272902668c0fc2ebc3aa112b2633d5b8", size = 11339942, upload-time = "2026-10-01T18:02:52.008Z" },
    { url = "https://files.pythonhosted.org/packages/6b/c4/cde27d47ad8d4126c587e608c67c46e7feac11763f606d261a1bc8a489e6/ruff-0.16.10-py3-none-manylinux_2_17_s390x.manylinux2014_s390x.whl", hash = "sha256:3e70175e29cc94c26ea296c80e470180b744b7419026898e58f520c6ab32578e", size = 10934316, upload-time = "2026-10-01T18:02:54.811Z" },
    { url = "https://files.pythonhosted.org/packages/e4/03/17234145f302a645a123e8c3bb2411ecf4669fbc350de3b0d803230a1729/ruff-0.16.10-py3-none-manylinux_2_17_x86_64.manylinux2014_x86_64.whl", hash = "sha256:f33f43a864a8483eebd160e713336c8bab02c934feaff0a33cf5ccb41546d09a", size = 10387968, upload-time = "2026-10-01T18:02:57.497Z" },
    { url = "https://files.pythonhosted.org/packages/71/29/2493af60240ee7644b38a4b821f5f9c3b5a4fa3178770fe1d0c685217395/ruff-0.16.10-py3-none-manylinux_2_31_riscv64.whl", hash = "sha256:1dfc6f0088149fb6a362c1c446bcbb3fd2157b3852fe2fa68409276eab9ad9b3", size = 10537906, upload-time = "2026-10-01T18:03:00.006Z" },
    { url = "https://files.pythonhosted.org/packages/2e/9a/f56b28f3b143bb9e518c34fb89ab191b626bca8b70dbf8af0d2e2d473572/ruff-0.16.10-py3-none-musllinux_1_2_aarch64.whl", hash = "sha256:6553498afc35f580f036030795810b9e6bcea31604b0fd9e8d352795473042e3", size = 10012938, upload-time = "2026-10-01T18:03:03.006Z" },
    { url = "https://files.pythonhosted.org/packages/c2/c4/fca37362848ea4d4d80712df13632e645e7c7cfb1bdedf140699ac7a090b/ruff-0.16.10-py3-none-musllinux_1_2_armv7l.whl", hash = "sha256:a3b8471dea115d37f123882be852bed13403746d3a76c11de4a19ec5f9ff5a03", size = 9897945, upload-time = "2026-10-01T18:03:05.818Z" },
    { url = "https://files.pythonhosted.org/packages/7d/c7/e0bc57664d6e0c61fd22f620af260fe9662d7e1ddb320ea7f160e76ef165/ruff-0.16.10-py3-none-musllinux_1_2_i686.whl", hash = "sha256:92e59a70bcbd9d3a5483656da906ec28edfdacfce00afd99edb8b4e9d15644be", size = 10333134, upload-time = "2026-10-01T18:03:08.25Z" },
    { url = "https://files.pythonhosted.org/packages/21/aa/5c9f3b68737c0e4a33a1db5dfab44f7b786d96ca91a7233112ddab1e6dc2/ruff-0.16.10-py3-none-musllinux_1_2_x86_64.whl", hash = "sha256:7ae7375f803b5520dc9f546bed7e3a0acb70b91812e9bb4b19927de22f25b77d", size = 10741702, upload-time = "2026-10-01T18:03:10.775Z" },
    { url = "https://files.pythonhosted.org/packages/78/fa/0f9c2020dc316c53d983be011720b8157cc052b97e3f4dfa7db6d0f880a6/ruff-0.16.10-py3-none-win32.whl", hash = "sha256:2a12e01cb9156c10c466f63b46eaae5ecea28dfbd21b5836353ae498e7d1349a", size = 10139176, upload-time = "2026-10-01T18:03:13.267Z" },
    { url = "https://files.pythonhosted.org/packages/99/29/cfb0df9448d4d4ad48c2de029ada9ebd71baa6da983a6c77ee6c6cd0fe82/ruff-0.16.10-py3-none-win_amd64.whl", hash = "sha256:97f2015c92aa97105b0eab19eb5d224884399281cfc5da86a92db4ab5e7fb2ca", size = 10584734, upload-time = "2026-10-01T18:03:16.006Z" },
    { url = "https://files.pythonhosted.org/packages/fc/05/c16957eb287c3fc062e032619a25868d93d408a844b725bcf514f7a378ff/ruff-0.16.10-py3-none-win_arm64.whl", hash = "sha256:25a65fe998c4e6861ec079ada5826a2fc605e6cbccbe9dcd7fac1f54e791621b", size = 10366440, upload-time = "2026-10-01T18:03:19.04Z" },
]

[[package]]
name = "sortedcontainers"
version = "2.4.0"
source = { registry = "https://pypi.org/simple" }
sdist = { url = "https://files.pythonhosted.org/packages/e8/c4/ba2f8066cceb6f23394729afe52f3bf7adec04bf9ed2c820b39e19299111/sortedcontainers-2.4.0.tar.gz", hash = "sha256:25caa5a06cc30b6b83d11423433f65d1f9d76c4c6a0c90e3379eaa43b9bfdb88", size = 30594, upload-time = "2021-05-16T22:03:42.897Z" }
wheels = [
    { url = "https://files.pythonhosted.org/packages/32/46/9cb0e58b2deb7f82b84065f37f3bffeb12413f947f9388e4cac22c4621ce/sortedcontainers-2.4.0-py2.py3-none-any.whl", hash = "sha256:a163dcaede0f1c021485e957a39245190e74249897e2ae4b2aa38595db237ee0", size = 29575, upload-time = "2021-05-16T22:03:41.177Z" },
]

[[package]]
name = "stubgql"
version = "0.0.1"
source = { editable = "." }
dependencies = [
    { name = "faker" },
    { name = "graphql-core" },
]

[package.dev-dependencies]
dev = [
    { name = "hypothesis" },
    { name = "prek" },
    { name = "pytest" },
    { name = "ruff" },
    { name = "syrupy" },
    { name = "ty" },
]

[package.metadata]
requires-dist = [
    { name = "faker", specifier = ">=30" },
    { name = "graphql-core", specifier = ">=3.2" },
]

[package.metadata.requires-dev]
dev = [
    { name = "hypothesis", specifier = ">=6.168" },
    { name = "prek", specifier = ">=0.5.5" },
    { name = "pytest", specifier = ">=9.1" },
    { name = "ruff", specifier = ">=0.16.10" },
    { name = "syrupy", specifier = ">=6.1" },
    { name = "ty", specifier = "==0.0.84" },
]

[[package]]
name = "syrupy"
version = "6.1.1"
source = { registry = "https://pypi.org/simple" }
dependencies = [
    { name = "pytest" },
]
sdist = { url = "https://files.pythonhosted.org/packages/74/2c/8ffc1414d1951895d0d5b7dc83c0b079ebc48c3bf27ffbb0064646367500/syrupy-6.1.1.tar.gz", hash = "sha256:7e584a8df4ede6dd3c1c44a77f9edc46186b6767a73dea6f0083044946839a59", size = 109705, upload-time = "2026-09-13T20:25:21.599Z" }
wheels = [
    { url = "https://files.pythonhosted.org/packages/2c/b5/bf2a8a335a6a813869dd482cedbcde252f582b5afbfe50eb78ec09962800/syrupy-6.1.1-py3-none-any.whl", hash = "sha256:6ac9ac6a42d70ae44156f5f157a9563b9bb8cc96dcf9364327f330463bff889a", size = 63436, upload-time = "2026-09-13T20:25:20.294Z" },
]

[[package]]
name = "ty"
version = "0.0.84"
source = { registry = "https://pypi.org/simple" }
sdist = { url = "https://files.pythonhosted.org/packages/e1/f6/34f8869c45ea87fe6a931ffa824b1fe4428167173543d92988d631add355/ty-0.0.84.tar.gz", hash = "sha256:0cefdb0cd5d399418dbe83c349ba605047b7dff815ae6f460c80e8522b40be67", size = 7409537, upload-time = "2026-09-24T13:16:24.367Z" }
wheels = [
    { url = "https://files.pythonhosted.org/packages/aa/0c/600648778e1c79133ce6b6a5c4c2531ae16b90c9b30f5041b38b574f61b8/ty-0.0.84-py3-none-linux_armv6l.whl", hash = "sha256:868438e2b9abfc835dd5b5b07ed693db95d8348ac40e3228252511d63ae87695", size = 13935333, upload-time = "2026-09-24T13:15:31.167Z" },
    { url = "https://files.pythonhosted.org/packages/c5/3b/27f06f49945c36170765fad82076898039ae3873338e9865f876dd62f12c/ty-0.0.84-py3-none-macosx_10_12_x86_64.whl", hash = "sha256:b00f39b521f0b559cde0f6abf8dd47213b513b04f33d58efeb9b98486a16bb17", size = 13511328, upload-time = "2026-09-24T13:15:34.446Z" },
    { url = "https://files.pythonhosted.org/packages/fc/b6/b12dd130e7f30141f0645614f454c925991cd389b1cc6c8284fd6bf32326/ty-0.0.84-py3-none-macosx_11_0_arm64.whl", hash = "sha256:8f78c2915567f2ee62ce0c24d86091bc76f81577677755e242d09951db588b9a", size = 13445445, upload-time = "2026-09-24T13:15:37.476Z" },
    { url = "https://files.pythonhosted.org/packages/44/96/f012de4b3c1d9a4773326621380d768b4d48c47e620dc012775c5e01c7d7/ty-0.0.84-py3-none-manylinux_2_17_aarch64.manylinux2014_aarch64.whl", hash = "sha256:61155cad0921e890d86d1d911a40b3a0e924ef4bdc3b4f3865a6c89c7e3012dc", size = 13471235, upload-time = "2026-09-24T13:15:40.64Z" },
    { url = "https://files.pythonhosted.org/packages/05/32/dca630f5f5353fa7bf67eebccf1549df99b16656d21071d0df6677c826a5/ty-0.0.84-py3-none-manylinux_2_17_armv7l.manylinux2014_armv7l.whl", hash = "sha256:417c3bf14947ed16b0b92976ab333c27915590354e96d4f581709068d3811355", size = 13680704, upload-time = "2026-09-24T13:15:43.817Z" },
    { url = "https://files.pythonhosted.org/packages/44/8d/33702c8f62f05ad45b33644fb914d483de6a0a7bc8e51884e9b8773e6d69/ty-0.0.84-py3-none-manylinux_2_17_i686.manylinux2014_i686.whl", hash = "sha256:e06ef117759f654f5379efe9ae79bda8a186016c016f1023d05c34f8e15c1546", size = 14518923, upload-time = "2026-09-24T13:15:46.802Z" },
    { url = "https://files.pythonhosted.org/packages/c8/a1/da3246e6ef2ae0e842bca4058b25c54bee55ab058ffff4ee54e72517ec01/ty-0.0.84-py3-none-manylinux_2_17_ppc64le.manylinux2014_ppc64le.whl", hash = "sha256:a05d1d53db8b64410ab38c6e32c5898510584869d1d5dd9c0605db81c9aef7df", size = 15027731, upload-time = "2026-09-24T13:15:49.755Z" },
    { url = "https://files.pythonhosted.org/packages/20/17/b0099098a560aeb4f9fde6c912f9a81622c3e44e6555e1fbe322b368ec31/ty-0.0.84-py3-none-manylinux_2_17_s390x.manylinux2014_s390x.whl", hash = "sha256:b92400494ab855cfb1204ac1101e3f53b2d09a8e21d171758b2cf9acdab1809e", size = 14748260, upload-time = "2026-09-24T13:15:52.713Z" },
    { url = "https://files.pythonhosted.org/packages/60/d5/32cd67aedb271f006e716ad093806c96c5d7e2af86be8255469dbd3d76c8/ty-0.0.84-py3-none-manylinux_2_17_x86_64.manylinux2014_x86_64.whl", hash = "sha256:af17eb391ae3027fed9be1780bea555c2b8a25ba68e184c627b4981b2c9eaab7", size = 14205858, upload-time = "2026-09-24T13:15:55.677Z" },
    { url = "https://files.pythonhosted.org/packages/43/c4/638ac62ca2e8eca1b92e3e16273085744fada728b993500819b5c258ca15/ty-0.0.84-py3-none-manylinux_2_31_riscv64.whl", hash = "sha256:44cf06af0e7ec78ea6d8ff33a3450fc19627756a4fba681f7410d4e3ef63047a", size = 14573196, upload-time = "2026-09-24T13:15:59.165Z" },
    { url = "https://files.pythonhosted.org/packages/a6/f6/9ee81c5d8921e5fd5f10889ae563c95cd3272b31df2ada528919ca1cef6b/ty-0.0.84-py3-none-musllinux_1_2_aarch64.whl", hash = "sha256:c6e56b443ff9ba462e34bfbc1e582004c2719ed35f8f93a433744b0ba0afb2d9", size = 13480760, upload-time = "2026-09-24T13:16:02.313Z" },
    { url = "https://files.pythonhosted.org/packages/f6/83/fbe5d1177667ae16d84c3242846b143809c9cc09568b333e5a9b4d5908f6/ty-0.0.84-py3-none-musllinux_1_2_armv7l.whl", hash = "sha256:8b6562fcc48820c1030e2a4509ef2c14ef93043ca4860280074314ac3a825b95", size = 13696346, upload-time = "2026-09-24T13:16:05.391Z" },
    { url = "https://files.pythonhosted.org/packages/86/9a/1b4ac9ddc34cc0ab4624bc219825d66af52f1ad87f4778ad08ad03fa06d5/ty-0.0.84-py3-none-musllinux_1_2_i686.whl", hash = "sha256:dee7421451efcbd70f03e95a8f2c8d9e5ec3d35edcd27b4095ee00ee062abfc4", size = 13959410, upload-time = "2026-09-24T13:16:08.661Z" },
    { url = "https://files.pythonhosted.org/packages/c9/04/70e289437a67dfd686056ab4fd91880261a8233033a6a95d29393741fb97/ty-0.0.84-py3-none-musllinux_1_2_x86_64.whl", hash = "sha256:31e96307cf621babe969307dd657783d672e2d8bdbd06493710da635bf63fa07", size = 14350294, upload-time = "2026-09-24T13:16:11.865Z" },
    { url = "https://files.pythonhosted.org/packages/9c/f4/ae7dbd118425c850981d23efb850f0d9d7f6b8d2b852bde2767434f668b4/ty-0.0.84-py3-none-win32.whl", hash = "sha256:4bdc85f91cbaae35825f2b17bb4ac5de0563367875cb0f42b2bf07a1bf7ff2ba", size = 13176439, upload-time = "2026-09-24T13:16:15.049Z" },
    { url = "https://files.pythonhosted.org/packages/29/ec/994d87252f065dda5a500bc8afc726d18f6582d81d6f4ff1feb8a267c800/ty-0.0.84-py3-none-win_amd64.whl", hash = "sha256:71cc9aa7a7c89d4e12c6a814e9c0c3310ad5bee44efedbd6f5a42d91e9ac0f0d", size = 13962879, upload-time = "2026-09-24T13:16:18.191Z" },
    { url = "https://files.pythonhosted.org/packages/6d/1c/e6e91852b72566b1ab9aca504712857dfb89324c12092a5bd61d42d34427/ty-0.0.84-py3-none-win_arm64.whl", hash = "sha256:6c9d3718c4a0d318bc9c92af9b2aa85c3294e7dff54cf1d69ad79568f56516da", size = 13656453, upload-time = "2026-09-24T13:16:21.51Z" },
]

[[package]]
name = "tzdata"
version = "2026.5"
source = { registry = "https://pypi.org/simple" }
sdist = { url = "https://files.pythonhosted.org/packages/d9/68/f1b440335057bfce71b6e50a9d09445aa2ecbd08359a337976627b8409e7/tzdata-2026.5.tar.gz", hash = "sha256:8cc73c0a0bfca7dbfa59235d60b2eff82231dee33f53d206db1acd9173cfc0a7", size = 200404, upload-time = "2026-10-03T09:23:14.143Z" }
wheels = [
    { url = "https://files.pythonhosted.org/packages/94/21/1e5995a1c920cce14e4bffae20c665ec10e7ed03ab25e006cd741092b718/tzdata-2026.5-py2.py3-none-any.whl", hash = "sha256:b683bd1b6659ddcd810ff02ad09ba821d4bf1065072805063eb35c49617905ac", size = 347996, upload-time = "2026-10-03T09:23:12.535Z" },
]
